
Microsoft Visual Studio Solution File, Format Version 12.00
# Visual Studio Version 16
VisualStudioVersion = 16.0.29926.136
MinimumVisualStudioVersion = 10.0.40219.1
Project("{FAE04EC0-301F-11D3-BF4B-00C04F79EFBC}") = "ZalatovClickGame", "ZalatovClickGame\ZalatovClickGame.csproj", "{8D20F4D5-295D-4A67-B67A-468B1CB0A67E}"
EndProject
Global
	GlobalSection(SolutionConfigurationPlatforms) = preSolution
		Debug|Any CPU = Debug|Any CPU
		Release|Any CPU = Release|Any CPU
	EndGlobalSection
	GlobalSection(ProjectConfigurationPlatforms) = postSolution
		{8D20F4D5-295D-4A67-B67A-468B1CB0A67E}.Debug|Any CPU.ActiveCfg = Debug|Any CPU
		{8D20F4D5-295D-4A67-B67A-468B1CB0A67E}.Debug|Any CPU.Build.0 = Debug|Any CPU
		{8D20F4D5-295D-4A67-B67A-468B1CB0A67E}.Release|Any CPU.ActiveCfg = Release|Any CPU
		{8D20F4D5-295D-4A67-B67A-468B1CB0A67E}.Release|Any CPU.Build.0 = Release|Any CPU
	EndGlobalSection
	GlobalSection(SolutionProperties) = preSolution
		HideSolutionNode = FALSE
	EndGlobalSection
	GlobalSection(ExtensibilityGlobals) = postSolution
		SolutionGuid = {99FD8A75-7CCC-4FBA-8973-BB893EAD0F16}
	EndGlobalSection
EndGlobal
